
Microsoft Visual Studio Solution File, Format Version 12.00
# Visual Studio Version 17
VisualStudioVersion = 17.7.34031.279
MinimumVisualStudioVersion = 10.0.40219.1
Project("{9A19103F-16F7-4668-BE54-9A1E7A4F7556}") = "ConsoleApp3", "ConsoleApp3\ConsoleApp3.csproj", "{CAF4C60E-8F30-4B51-9797-10CDE4222A48}"
EndProject
Project("{9A19103F-16F7-4668-BE54-9A1E7A4F7556}") = "PARAMS", "PARAMS\PARAMS.csproj", "{99F19AAA-99EC-4F86-BD38-0349E12B47B2}"
EndProject
Project("{FAE04EC0-301F-11D3-BF4B-00C04F79EFBC}") = "Operator", "Operator\Operator.csproj", "{B9FC7274-3B73-4515-B19A-2BCE7ADB660C}"
EndProject
Global
	GlobalSection(SolutionConfigurationPlatforms) = preSolution
		Debug|Any CPU = Debug|Any CPU
		Release|Any CPU = Release|Any CPU
	EndGlobalSection
	GlobalSection(ProjectConfigurationPlatforms) = postSolution
		{CAF4C60E-8F30-4B51-9797-10CDE4222A48}.Debug|Any CPU.ActiveCfg = Debug|Any CPU
		{CAF4C60E-8F30-4B51-9797-10CDE4222A48}.Debug|Any CPU.Build.0 = Debug|Any CPU
		{CAF4C60E-8F30-4B51-9797-10CDE4222A48}.Release|Any CPU.ActiveCfg = Release|Any CPU
		{CAF4C60E-8F30-4B51-9797-10CDE4222A48}.Release|Any CPU.Build.0 = Release|Any CPU
		{99F19AAA-99EC-4F86-BD38-0349E12B47B2}.Debug|Any CPU.ActiveCfg = Debug|Any CPU
		{99F19AAA-99EC-4F86-BD38-0349E12B47B2}.Debug|Any CPU.Build.0 = Debug|Any CPU
		{99F19AAA-99EC-4F86-BD38-0349E12B47B2}.Release|Any CPU.ActiveCfg = Release|Any CPU
		{99F19AAA-99EC-4F86-BD38-0349E12B47B2}.Release|Any CPU.Build.0 = Release|Any CPU
		{B9FC7274-3B73-4515-B19A-2BCE7ADB660C}.Debug|Any CPU.ActiveCfg = Debug|Any CPU
		{B9FC7274-3B73-4515-B19A-2BCE7ADB660C}.Debug|Any CPU.Build.0 = Debug|Any CPU
		{B9FC7274-3B73-4515-B19A-2BCE7ADB660C}.Release|Any CPU.ActiveCfg = Release|Any CPU
		{B9FC7274-3B73-4515-B19A-2BCE7ADB660C}.Release|Any CPU.Build.0 = Release|Any CPU
	EndGlobalSection
	GlobalSection(SolutionProperties) = preSolution
		HideSolutionNode = FALSE
	EndGlobalSection
	GlobalSection(ExtensibilityGlobals) = postSolution
		SolutionGuid = {B5A9DEF7-5281-4B55-912E-17377FFDB4F8}
	EndGlobalSection
EndGlobal
