
Microsoft Visual Studio Solution File, Format Version 12.00
# Visual Studio Version 17
VisualStudioVersion = 17.8.34330.188
MinimumVisualStudioVersion = 10.0.40219.1
Project("{FAE04EC0-301F-11D3-BF4B-00C04F79EFBC}") = "Лексический анализатор", "Лексический анализатор\Лексический анализатор.csproj", "{7BF163A7-17B5-43F0-A488-F4BD521A7D78}"
EndProject
Global
	GlobalSection(SolutionConfigurationPlatforms) = preSolution
		Debug|Any CPU = Debug|Any CPU
		Release|Any CPU = Release|Any CPU
	EndGlobalSection
	GlobalSection(ProjectConfigurationPlatforms) = postSolution
		{7BF163A7-17B5-43F0-A488-F4BD521A7D78}.Debug|Any CPU.ActiveCfg = Debug|Any CPU
		{7BF163A7-17B5-43F0-A488-F4BD521A7D78}.Debug|Any CPU.Build.0 = Debug|Any CPU
		{7BF163A7-17B5-43F0-A488-F4BD521A7D78}.Release|Any CPU.ActiveCfg = Release|Any CPU
		{7BF163A7-17B5-43F0-A488-F4BD521A7D78}.Release|Any CPU.Build.0 = Release|Any CPU
	EndGlobalSection
	GlobalSection(SolutionProperties) = preSolution
		HideSolutionNode = FALSE
	EndGlobalSection
	GlobalSection(ExtensibilityGlobals) = postSolution
		SolutionGuid = {1B53DCB2-1B9A-4F23-8BAD-C7E9B536392E}
	EndGlobalSection
EndGlobal
