
Microsoft Visual Studio Solution File, Format Version 12.00
# Visual Studio Version 17
VisualStudioVersion = 17.8.34330.188
MinimumVisualStudioVersion = 10.0.40219.1
Project("{9A19103F-16F7-4668-BE54-9A1E7A4F7556}") = "Weapon Library", "Weapon Library\Weapon Library.csproj", "{B79AE1C0-13EE-40E2-83A6-A10F0F41E675}"
EndProject
Project("{FAE04EC0-301F-11D3-BF4B-00C04F79EFBC}") = "Shot", "Shot\Shot.csproj", "{1CA21374-B61F-44DA-BCF7-87D86347DB4B}"
EndProject
Global
	GlobalSection(SolutionConfigurationPlatforms) = preSolution
		Debug|Any CPU = Debug|Any CPU
		Release|Any CPU = Release|Any CPU
	EndGlobalSection
	GlobalSection(ProjectConfigurationPlatforms) = postSolution
		{B79AE1C0-13EE-40E2-83A6-A10F0F41E675}.Debug|Any CPU.ActiveCfg = Debug|Any CPU
		{B79AE1C0-13EE-40E2-83A6-A10F0F41E675}.Debug|Any CPU.Build.0 = Debug|Any CPU
		{B79AE1C0-13EE-40E2-83A6-A10F0F41E675}.Release|Any CPU.ActiveCfg = Release|Any CPU
		{B79AE1C0-13EE-40E2-83A6-A10F0F41E675}.Release|Any CPU.Build.0 = Release|Any CPU
		{1CA21374-B61F-44DA-BCF7-87D86347DB4B}.Debug|Any CPU.ActiveCfg = Debug|Any CPU
		{1CA21374-B61F-44DA-BCF7-87D86347DB4B}.Debug|Any CPU.Build.0 = Debug|Any CPU
		{1CA21374-B61F-44DA-BCF7-87D86347DB4B}.Release|Any CPU.ActiveCfg = Release|Any CPU
		{1CA21374-B61F-44DA-BCF7-87D86347DB4B}.Release|Any CPU.Build.0 = Release|Any CPU
	EndGlobalSection
	GlobalSection(SolutionProperties) = preSolution
		HideSolutionNode = FALSE
	EndGlobalSection
	GlobalSection(ExtensibilityGlobals) = postSolution
		SolutionGuid = {21FB4BB6-3286-482F-8347-CEA63A17C8FC}
	EndGlobalSection
EndGlobal
