
Microsoft Visual Studio Solution File, Format Version 12.00
# Visual Studio Version 17
VisualStudioVersion = 17.7.34031.279
MinimumVisualStudioVersion = 10.0.40219.1
Project("{FAE04EC0-301F-11D3-BF4B-00C04F79EFBC}") = "Matrix", "Matrix\Matrix.csproj", "{7C821480-105D-47D8-8A66-B8B2344794DE}"
EndProject
Global
	GlobalSection(SolutionConfigurationPlatforms) = preSolution
		Debug|Any CPU = Debug|Any CPU
		Release|Any CPU = Release|Any CPU
	EndGlobalSection
	GlobalSection(ProjectConfigurationPlatforms) = postSolution
		{7C821480-105D-47D8-8A66-B8B2344794DE}.Debug|Any CPU.ActiveCfg = Debug|Any CPU
		{7C821480-105D-47D8-8A66-B8B2344794DE}.Debug|Any CPU.Build.0 = Debug|Any CPU
		{7C821480-105D-47D8-8A66-B8B2344794DE}.Release|Any CPU.ActiveCfg = Release|Any CPU
		{7C821480-105D-47D8-8A66-B8B2344794DE}.Release|Any CPU.Build.0 = Release|Any CPU
	EndGlobalSection
	GlobalSection(SolutionProperties) = preSolution
		HideSolutionNode = FALSE
	EndGlobalSection
	GlobalSection(ExtensibilityGlobals) = postSolution
		SolutionGuid = {E1211646-8EAB-413F-B67F-F9E09A9F01BA}
	EndGlobalSection
EndGlobal
