
Microsoft Visual Studio Solution File, Format Version 12.00
# Visual Studio Version 17
VisualStudioVersion = 17.8.34309.116
MinimumVisualStudioVersion = 10.0.40219.1
Project("{FAE04EC0-301F-11D3-BF4B-00C04F79EFBC}") = "Списочные Элементы", "Списочные Элементы\Списочные Элементы.csproj", "{2CFA32AE-9CA6-4B63-AC5E-92870DC4ECE5}"
EndProject
Global
	GlobalSection(SolutionConfigurationPlatforms) = preSolution
		Debug|Any CPU = Debug|Any CPU
		Release|Any CPU = Release|Any CPU
	EndGlobalSection
	GlobalSection(ProjectConfigurationPlatforms) = postSolution
		{2CFA32AE-9CA6-4B63-AC5E-92870DC4ECE5}.Debug|Any CPU.ActiveCfg = Debug|Any CPU
		{2CFA32AE-9CA6-4B63-AC5E-92870DC4ECE5}.Debug|Any CPU.Build.0 = Debug|Any CPU
		{2CFA32AE-9CA6-4B63-AC5E-92870DC4ECE5}.Release|Any CPU.ActiveCfg = Release|Any CPU
		{2CFA32AE-9CA6-4B63-AC5E-92870DC4ECE5}.Release|Any CPU.Build.0 = Release|Any CPU
	EndGlobalSection
	GlobalSection(SolutionProperties) = preSolution
		HideSolutionNode = FALSE
	EndGlobalSection
	GlobalSection(ExtensibilityGlobals) = postSolution
		SolutionGuid = {5432E36F-70DB-4916-8591-C0B858EE13B8}
	EndGlobalSection
EndGlobal
