
Microsoft Visual Studio Solution File, Format Version 12.00
# Visual Studio Version 17
VisualStudioVersion = 17.8.34309.116
MinimumVisualStudioVersion = 10.0.40219.1
Project("{FAE04EC0-301F-11D3-BF4B-00C04F79EFBC}") = "Picture", "Picture\Picture.csproj", "{0F4160B0-39A2-4C7F-849F-F9D81FF52FF8}"
EndProject
Global
	GlobalSection(SolutionConfigurationPlatforms) = preSolution
		Debug|Any CPU = Debug|Any CPU
		Release|Any CPU = Release|Any CPU
	EndGlobalSection
	GlobalSection(ProjectConfigurationPlatforms) = postSolution
		{0F4160B0-39A2-4C7F-849F-F9D81FF52FF8}.Debug|Any CPU.ActiveCfg = Debug|Any CPU
		{0F4160B0-39A2-4C7F-849F-F9D81FF52FF8}.Debug|Any CPU.Build.0 = Debug|Any CPU
		{0F4160B0-39A2-4C7F-849F-F9D81FF52FF8}.Release|Any CPU.ActiveCfg = Release|Any CPU
		{0F4160B0-39A2-4C7F-849F-F9D81FF52FF8}.Release|Any CPU.Build.0 = Release|Any CPU
	EndGlobalSection
	GlobalSection(SolutionProperties) = preSolution
		HideSolutionNode = FALSE
	EndGlobalSection
	GlobalSection(ExtensibilityGlobals) = postSolution
		SolutionGuid = {9B4F66DE-C99C-4BCC-9487-23B83F0C258C}
	EndGlobalSection
EndGlobal
