
Microsoft Visual Studio Solution File, Format Version 12.00
# Visual Studio Version 17
VisualStudioVersion = 17.7.34031.279
MinimumVisualStudioVersion = 10.0.40219.1
Project("{FAE04EC0-301F-11D3-BF4B-00C04F79EFBC}") = "Резюме", "Резюме\Резюме.csproj", "{7AFDB532-CA06-4A49-BC98-05B1F6E03DA8}"
EndProject
Global
	GlobalSection(SolutionConfigurationPlatforms) = preSolution
		Debug|Any CPU = Debug|Any CPU
		Release|Any CPU = Release|Any CPU
	EndGlobalSection
	GlobalSection(ProjectConfigurationPlatforms) = postSolution
		{7AFDB532-CA06-4A49-BC98-05B1F6E03DA8}.Debug|Any CPU.ActiveCfg = Debug|Any CPU
		{7AFDB532-CA06-4A49-BC98-05B1F6E03DA8}.Debug|Any CPU.Build.0 = Debug|Any CPU
		{7AFDB532-CA06-4A49-BC98-05B1F6E03DA8}.Release|Any CPU.ActiveCfg = Release|Any CPU
		{7AFDB532-CA06-4A49-BC98-05B1F6E03DA8}.Release|Any CPU.Build.0 = Release|Any CPU
	EndGlobalSection
	GlobalSection(SolutionProperties) = preSolution
		HideSolutionNode = FALSE
	EndGlobalSection
	GlobalSection(ExtensibilityGlobals) = postSolution
		SolutionGuid = {4874D1F5-2529-45F9-A1A1-FAEE18B64490}
	EndGlobalSection
EndGlobal
